{
  "nodes": {
    "ipcat": {
      "flake": false,
      "locked": {
        "lastModified": 1556240971,
        "narHash": "sha256-Wgu3rwllJw1VQBq/hxZ1mAkIyP+3l5BEflwURWGsC9Q=",
        "owner": "client9",
        "repo": "ipcat",
        "rev": "3a1f8cf50dc145c5c08eddee1ae922dac0076ea6",
        "type": "github"
      },
      "original": {
        "owner": "client9",
        "repo": "ipcat",
        "type": "github"
      }
    },
    "nixpkgs": {
      "locked": {
        "lastModified": 1631962327,
        "narHash": "sha256-h2fgtNHozEcB42BQ1QVWAJUpQ1FA3gpgq/RrOKAxbfE=",
        "owner": "NixOS",
        "repo": "nixpkgs",
        "rev": "bc9b956714ed6eac5f8888322aac5bc41389defa",
        "type": "github"
      },
      "original": {
        "id": "nixpkgs",
        "ref": "nixos-unstable",
        "type": "indirect"
      }
    },
    "root": {
      "inputs": {
        "ipcat": "ipcat",
        "nixpkgs": "nixpkgs"
      }
    }
  },
  "root": "root",
  "version": 7
}
