{
  "nodes": {
    "c4": {
      "locked": {
        "lastModified": 1623090606,
        "narHash": "sha256-iQRhXFZEScUHPLwR9wCPnGpNlYnVGxIe3+Zopr1ETi8=",
        "owner": "fossar",
        "repo": "composition-c4",
        "rev": "9232e2b8e54adb310f476f5fe66f4b6fb5996487",
        "type": "github"
      },
      "original": {
        "owner": "fossar",
        "repo": "composition-c4",
        "type": "github"
      }
    },
    "nixpkgs": {
      "locked": {
        "lastModified": 1631962327,
        "narHash": "sha256-h2fgtNHozEcB42BQ1QVWAJUpQ1FA3gpgq/RrOKAxbfE=",
        "owner": "NixOS",
        "repo": "nixpkgs",
        "rev": "bc9b956714ed6eac5f8888322aac5bc41389defa",
        "type": "github"
      },
      "original": {
        "id": "nixpkgs",
        "ref": "nixos-unstable",
        "type": "indirect"
      }
    },
    "root": {
      "inputs": {
        "c4": "c4",
        "nixpkgs": "nixpkgs"
      }
    }
  },
  "root": "root",
  "version": 7
}
