{
  "nodes": {
    "nixpkgs": {
      "locked": {
        "lastModified": 1631962327,
        "narHash": "sha256-h2fgtNHozEcB42BQ1QVWAJUpQ1FA3gpgq/RrOKAxbfE=",
        "owner": "NixOS",
        "repo": "nixpkgs",
        "rev": "bc9b956714ed6eac5f8888322aac5bc41389defa",
        "type": "github"
      },
      "original": {
        "id": "nixpkgs",
        "ref": "nixos-unstable",
        "type": "indirect"
      }
    },
    "npm-buildpackage": {
      "locked": {
        "lastModified": 1624358188,
        "narHash": "sha256-e/2p0CYhfs8GHYjDiJ2sdlne1WYF43MCPfZbRP5VmC4=",
        "owner": "serokell",
        "repo": "nix-npm-buildpackage",
        "rev": "3461855a1dbfe844768d5adac29fe0b542d8b296",
        "type": "github"
      },
      "original": {
        "owner": "serokell",
        "repo": "nix-npm-buildpackage",
        "type": "github"
      }
    },
    "root": {
      "inputs": {
        "nixpkgs": "nixpkgs",
        "npm-buildpackage": "npm-buildpackage"
      }
    }
  },
  "root": "root",
  "version": 7
}
